{
  "pins" : [
    {
      "identity" : "privy-ios",
      "kind" : "remoteSourceControl",
      "location" : "https://github.com/privy-io/privy-ios",
      "state" : {
        "revision" : "2d25a1e9bfcd5e4d5d268c44bdfbb8d50a9b7517",
        "version" : "2.14.0"
      }
    }
  ],
  "version" : 2
}
